
Microsoft Visual Studio Solution File, Format Version 12.00
# Visual Studio Version 16
VisualStudioVersion = 16.0.30503.244
MinimumVisualStudioVersion = 10.0.40219.1
Project("{FAE04EC0-301F-11D3-BF4B-00C04F79EFBC}") = "ExcelExport", "ExcelExport\ExcelExport.csproj", "{182529B1-CA4C-4877-9DB0-D6C6B6DAEC7C}"
EndProject
Global
	GlobalSection(SolutionConfigurationPlatforms) = preSolution
		Debug|Any CPU = Debug|Any CPU
		Release|Any CPU = Release|Any CPU
	EndGlobalSection
	GlobalSection(ProjectConfigurationPlatforms) = postSolution
		{182529B1-CA4C-4877-9DB0-D6C6B6DAEC7C}.Debug|Any CPU.ActiveCfg = Debug|Any CPU
		{182529B1-CA4C-4877-9DB0-D6C6B6DAEC7C}.Debug|Any CPU.Build.0 = Debug|Any CPU
		{182529B1-CA4C-4877-9DB0-D6C6B6DAEC7C}.Release|Any CPU.ActiveCfg = Release|Any CPU
		{182529B1-CA4C-4877-9DB0-D6C6B6DAEC7C}.Release|Any CPU.Build.0 = Release|Any CPU
	EndGlobalSection
	GlobalSection(SolutionProperties) = preSolution
		HideSolutionNode = FALSE
	EndGlobalSection
	GlobalSection(ExtensibilityGlobals) = postSolution
		SolutionGuid = {BC9523DD-5555-45FC-957F-C6FD7F48E088}
	EndGlobalSection
EndGlobal
